
Microsoft Visual Studio Solution File, Format Version 12.00
# Visual Studio 14
VisualStudioVersion = 14.0.23107.0
MinimumVisualStudioVersion = 10.0.40219.1
Project("{2150E333-8FDC-42A3-9474-1A3956D46DE8}") = "1. Camada de Apresentação", "1. Camada de Apresentação", "{DC738AF4-EBB4-4FFB-A2CB-D886EF595DF5}"
EndProject
Project("{2150E333-8FDC-42A3-9474-1A3956D46DE8}") = "2. Camada de Aplicação", "2. Camada de Aplicação", "{3C4301E9-E3EB-4A46-A475-B522B4269B14}"
EndProject
Project("{2150E333-8FDC-42A3-9474-1A3956D46DE8}") = "3. Camada de Dominio", "3. Camada de Dominio", "{733C72B0-C605-4F7A-839A-5CE96FD487B9}"
EndProject
Project("{2150E333-8FDC-42A3-9474-1A3956D46DE8}") = "4. Camada de Infraestrutura", "4. Camada de Infraestrutura", "{0E8F3907-2871-4F97-BE80-2E8DEBC96626}"
EndProject
Project("{2150E333-8FDC-42A3-9474-1A3956D46DE8}") = "2.2 Testes Aplicacao", "2.2 Testes Aplicacao", "{C4EEFB5D-6A7C-48E7-AAC2-F3DFCC07171D}"
EndProject
Project("{2150E333-8FDC-42A3-9474-1A3956D46DE8}") = "3.3 Testes Dominio", "3.3 Testes Dominio", "{9C90785E-199A-4685-B703-9235378749C5}"
EndProject
Project("{2150E333-8FDC-42A3-9474-1A3956D46DE8}") = "4.4 Testes Infraestrutura", "4.4 Testes Infraestrutura", "{A3F3370C-1181-42D1-A604-0CCCD6C60099}"
EndProject
Project("{FAE04EC0-301F-11D3-BF4B-00C04F79EFBC}") = "Grupo.Locacao.Dominio", "Grupo.Locacao.Dominio\Grupo.Locacao.Dominio.csproj", "{C79AD08C-2AFA-408C-9677-C14564E7CBFE}"
EndProject
Project("{FAE04EC0-301F-11D3-BF4B-00C04F79EFBC}") = "Grupo.Locacao.Dominio.Teste", "Grupo.Locacao.Dominio.Teste\Grupo.Locacao.Dominio.Teste.csproj", "{BCECB489-D4EC-440C-9097-2FE6ED11D065}"
EndProject
Global
	GlobalSection(SolutionConfigurationPlatforms) = preSolution
		Debug|Any CPU = Debug|Any CPU
		Release|Any CPU = Release|Any CPU
	EndGlobalSection
	GlobalSection(ProjectConfigurationPlatforms) = postSolution
		{C79AD08C-2AFA-408C-9677-C14564E7CBFE}.Debug|Any CPU.ActiveCfg = Debug|Any CPU
		{C79AD08C-2AFA-408C-9677-C14564E7CBFE}.Debug|Any CPU.Build.0 = Debug|Any CPU
		{C79AD08C-2AFA-408C-9677-C14564E7CBFE}.Release|Any CPU.ActiveCfg = Release|Any CPU
		{C79AD08C-2AFA-408C-9677-C14564E7CBFE}.Release|Any CPU.Build.0 = Release|Any CPU
		{BCECB489-D4EC-440C-9097-2FE6ED11D065}.Debug|Any CPU.ActiveCfg = Debug|Any CPU
		{BCECB489-D4EC-440C-9097-2FE6ED11D065}.Debug|Any CPU.Build.0 = Debug|Any CPU
		{BCECB489-D4EC-440C-9097-2FE6ED11D065}.Release|Any CPU.ActiveCfg = Release|Any CPU
		{BCECB489-D4EC-440C-9097-2FE6ED11D065}.Release|Any CPU.Build.0 = Release|Any CPU
	EndGlobalSection
	GlobalSection(SolutionProperties) = preSolution
		HideSolutionNode = FALSE
	EndGlobalSection
	GlobalSection(NestedProjects) = preSolution
		{C79AD08C-2AFA-408C-9677-C14564E7CBFE} = {733C72B0-C605-4F7A-839A-5CE96FD487B9}
		{BCECB489-D4EC-440C-9097-2FE6ED11D065} = {9C90785E-199A-4685-B703-9235378749C5}
	EndGlobalSection
EndGlobal
